
Microsoft Visual Studio Solution File, Format Version 12.00
# Visual Studio Version 17
VisualStudioVersion = 17.6.33801.468
MinimumVisualStudioVersion = 10.0.40219.1
Project("{FAE04EC0-301F-11D3-BF4B-00C04F79EFBC}") = "Day 1", "Day 1\Day 1.csproj", "{5559A0AC-2E4C-4AE2-B86F-36DA5370CFA7}"
EndProject
Project("{FAE04EC0-301F-11D3-BF4B-00C04F79EFBC}") = "Day 2", "Day 2\Day 2.csproj", "{7909C446-BF06-40A0-A182-2B15D29048DF}"
EndProject
Project("{FAE04EC0-301F-11D3-BF4B-00C04F79EFBC}") = "Day 3", "Day 3\Day 3.csproj", "{26B50D0A-D6B9-42C8-A62D-397276B8DC6D}"
EndProject
Project("{FAE04EC0-301F-11D3-BF4B-00C04F79EFBC}") = "Day 4", "Day 4\Day 4.csproj", "{B961110F-2349-4F0F-8ECE-188A0B40C972}"
EndProject
Project("{FAE04EC0-301F-11D3-BF4B-00C04F79EFBC}") = "Day 5", "Day 5\Day 5.csproj", "{A9E33646-872E-4353-A49B-6F02F18A07C1}"
EndProject
Project("{FAE04EC0-301F-11D3-BF4B-00C04F79EFBC}") = "Day 6", "Day 6\Day 6.csproj", "{9A56A936-4FCF-43E5-AA66-706CCDB62F81}"
EndProject
Project("{FAE04EC0-301F-11D3-BF4B-00C04F79EFBC}") = "Day 6 - Attempt 2", "Day 6 - Attempt 2\Day 6 - Attempt 2.csproj", "{B3915BBF-C9D2-46BF-81C1-CD5E98393F9F}"
EndProject
Project("{FAE04EC0-301F-11D3-BF4B-00C04F79EFBC}") = "Day 7", "Day 7\Day 7.csproj", "{5168B36C-D3B3-4349-9451-1048ACB6CD43}"
EndProject
Project("{FAE04EC0-301F-11D3-BF4B-00C04F79EFBC}") = "Day 8", "Day 8\Day 8.csproj", "{AA3FF7C4-A924-4FBB-AFFA-77A36ED0AD98}"
EndProject
Project("{FAE04EC0-301F-11D3-BF4B-00C04F79EFBC}") = "Day 9", "Day 9\Day 9.csproj", "{1B5EB647-373C-40C9-A494-C92C2CC4CDD1}"
EndProject
Project("{FAE04EC0-301F-11D3-BF4B-00C04F79EFBC}") = "Day 10", "Day 10\Day 10.csproj", "{50186991-3B9F-43B6-8F8A-15EA5008A194}"
EndProject
Project("{FAE04EC0-301F-11D3-BF4B-00C04F79EFBC}") = "Day 10 - Attempt 2", "Day 10 - Attempt 2\Day 10 - Attempt 2.csproj", "{995DC487-9FBF-4637-BF68-9F9A2EC21216}"
EndProject
Project("{FAE04EC0-301F-11D3-BF4B-00C04F79EFBC}") = "Day 11", "Day 11\Day 11.csproj", "{C98262D1-F3B7-4138-B67E-6C90B4E46F43}"
EndProject
Global
	GlobalSection(SolutionConfigurationPlatforms) = preSolution
		Debug|Any CPU = Debug|Any CPU
		Release|Any CPU = Release|Any CPU
	EndGlobalSection
	GlobalSection(ProjectConfigurationPlatforms) = postSolution
		{5559A0AC-2E4C-4AE2-B86F-36DA5370CFA7}.Debug|Any CPU.ActiveCfg = Debug|Any CPU
		{5559A0AC-2E4C-4AE2-B86F-36DA5370CFA7}.Debug|Any CPU.Build.0 = Debug|Any CPU
		{5559A0AC-2E4C-4AE2-B86F-36DA5370CFA7}.Release|Any CPU.ActiveCfg = Release|Any CPU
		{5559A0AC-2E4C-4AE2-B86F-36DA5370CFA7}.Release|Any CPU.Build.0 = Release|Any CPU
		{7909C446-BF06-40A0-A182-2B15D29048DF}.Debug|Any CPU.ActiveCfg = Debug|Any CPU
		{7909C446-BF06-40A0-A182-2B15D29048DF}.Debug|Any CPU.Build.0 = Debug|Any CPU
		{7909C446-BF06-40A0-A182-2B15D29048DF}.Release|Any CPU.ActiveCfg = Release|Any CPU
		{7909C446-BF06-40A0-A182-2B15D29048DF}.Release|Any CPU.Build.0 = Release|Any CPU
		{26B50D0A-D6B9-42C8-A62D-397276B8DC6D}.Debug|Any CPU.ActiveCfg = Debug|Any CPU
		{26B50D0A-D6B9-42C8-A62D-397276B8DC6D}.Debug|Any CPU.Build.0 = Debug|Any CPU
		{26B50D0A-D6B9-42C8-A62D-397276B8DC6D}.Release|Any CPU.ActiveCfg = Release|Any CPU
		{26B50D0A-D6B9-42C8-A62D-397276B8DC6D}.Release|Any CPU.Build.0 = Release|Any CPU
		{B961110F-2349-4F0F-8ECE-188A0B40C972}.Debug|Any CPU.ActiveCfg = Debug|Any CPU
		{B961110F-2349-4F0F-8ECE-188A0B40C972}.Debug|Any CPU.Build.0 = Debug|Any CPU
		{B961110F-2349-4F0F-8ECE-188A0B40C972}.Release|Any CPU.ActiveCfg = Release|Any CPU
		{B961110F-2349-4F0F-8ECE-188A0B40C972}.Release|Any CPU.Build.0 = Release|Any CPU
		{A9E33646-872E-4353-A49B-6F02F18A07C1}.Debug|Any CPU.ActiveCfg = Debug|Any CPU
		{A9E33646-872E-4353-A49B-6F02F18A07C1}.Debug|Any CPU.Build.0 = Debug|Any CPU
		{A9E33646-872E-4353-A49B-6F02F18A07C1}.Release|Any CPU.ActiveCfg = Release|Any CPU
		{A9E33646-872E-4353-A49B-6F02F18A07C1}.Release|Any CPU.Build.0 = Release|Any CPU
		{9A56A936-4FCF-43E5-AA66-706CCDB62F81}.Debug|Any CPU.ActiveCfg = Debug|Any CPU
		{9A56A936-4FCF-43E5-AA66-706CCDB62F81}.Debug|Any CPU.Build.0 = Debug|Any CPU
		{9A56A936-4FCF-43E5-AA66-706CCDB62F81}.Release|Any CPU.ActiveCfg = Release|Any CPU
		{9A56A936-4FCF-43E5-AA66-706CCDB62F81}.Release|Any CPU.Build.0 = Release|Any CPU
		{B3915BBF-C9D2-46BF-81C1-CD5E98393F9F}.Debug|Any CPU.ActiveCfg = Debug|Any CPU
		{B3915BBF-C9D2-46BF-81C1-CD5E98393F9F}.Debug|Any CPU.Build.0 = Debug|Any CPU
		{B3915BBF-C9D2-46BF-81C1-CD5E98393F9F}.Release|Any CPU.ActiveCfg = Release|Any CPU
		{B3915BBF-C9D2-46BF-81C1-CD5E98393F9F}.Release|Any CPU.Build.0 = Release|Any CPU
		{5168B36C-D3B3-4349-9451-1048ACB6CD43}.Debug|Any CPU.ActiveCfg = Debug|Any CPU
		{5168B36C-D3B3-4349-9451-1048ACB6CD43}.Debug|Any CPU.Build.0 = Debug|Any CPU
		{5168B36C-D3B3-4349-9451-1048ACB6CD43}.Release|Any CPU.ActiveCfg = Release|Any CPU
		{5168B36C-D3B3-4349-9451-1048ACB6CD43}.Release|Any CPU.Build.0 = Release|Any CPU
		{AA3FF7C4-A924-4FBB-AFFA-77A36ED0AD98}.Debug|Any CPU.ActiveCfg = Debug|Any CPU
		{AA3FF7C4-A924-4FBB-AFFA-77A36ED0AD98}.Debug|Any CPU.Build.0 = Debug|Any CPU
		{AA3FF7C4-A924-4FBB-AFFA-77A36ED0AD98}.Release|Any CPU.ActiveCfg = Release|Any CPU
		{AA3FF7C4-A924-4FBB-AFFA-77A36ED0AD98}.Release|Any CPU.Build.0 = Release|Any CPU
		{1B5EB647-373C-40C9-A494-C92C2CC4CDD1}.Debug|Any CPU.ActiveCfg = Debug|Any CPU
		{1B5EB647-373C-40C9-A494-C92C2CC4CDD1}.Debug|Any CPU.Build.0 = Debug|Any CPU
		{1B5EB647-373C-40C9-A494-C92C2CC4CDD1}.Release|Any CPU.ActiveCfg = Release|Any CPU
		{1B5EB647-373C-40C9-A494-C92C2CC4CDD1}.Release|Any CPU.Build.0 = Release|Any CPU
		{50186991-3B9F-43B6-8F8A-15EA5008A194}.Debug|Any CPU.ActiveCfg = Debug|Any CPU
		{50186991-3B9F-43B6-8F8A-15EA5008A194}.Debug|Any CPU.Build.0 = Debug|Any CPU
		{50186991-3B9F-43B6-8F8A-15EA5008A194}.Release|Any CPU.ActiveCfg = Release|Any CPU
		{50186991-3B9F-43B6-8F8A-15EA5008A194}.Release|Any CPU.Build.0 = Release|Any CPU
		{995DC487-9FBF-4637-BF68-9F9A2EC21216}.Debug|Any CPU.ActiveCfg = Debug|Any CPU
		{995DC487-9FBF-4637-BF68-9F9A2EC21216}.Debug|Any CPU.Build.0 = Debug|Any CPU
		{995DC487-9FBF-4637-BF68-9F9A2EC21216}.Release|Any CPU.ActiveCfg = Release|Any CPU
		{995DC487-9FBF-4637-BF68-9F9A2EC21216}.Release|Any CPU.Build.0 = Release|Any CPU
		{C98262D1-F3B7-4138-B67E-6C90B4E46F43}.Debug|Any CPU.ActiveCfg = Debug|Any CPU
		{C98262D1-F3B7-4138-B67E-6C90B4E46F43}.Debug|Any CPU.Build.0 = Debug|Any CPU
		{C98262D1-F3B7-4138-B67E-6C90B4E46F43}.Release|Any CPU.ActiveCfg = Release|Any CPU
		{C98262D1-F3B7-4138-B67E-6C90B4E46F43}.Release|Any CPU.Build.0 = Release|Any CPU
	EndGlobalSection
	GlobalSection(SolutionProperties) = preSolution
		HideSolutionNode = FALSE
	EndGlobalSection
	GlobalSection(ExtensibilityGlobals) = postSolution
		SolutionGuid = {369FC407-E8EE-4305-8EBC-0556CDCD6781}
	EndGlobalSection
EndGlobal
